
Microsoft Visual Studio Solution File, Format Version 12.00
# Visual Studio Version 17
VisualStudioVersion = 17.5.33516.290
MinimumVisualStudioVersion = 10.0.40219.1
Project("{2150E333-8FDC-42A3-9474-1A3956D46DE8}") = "Predavanja", "Predavanja", "{F0BF0F67-0D43-4BB0-85C7-DC0215C30726}"
EndProject
Project("{2150E333-8FDC-42A3-9474-1A3956D46DE8}") = "Zadatci", "Zadatci", "{82B5662F-2C67-452F-9451-6C0CF7958483}"
EndProject
Project("{2150E333-8FDC-42A3-9474-1A3956D46DE8}") = "Dodatna objašnjenja za razne koncepte", "Dodatna objašnjenja za razne koncepte", "{124F5DC0-2A6C-448B-97B3-BD1367CF5975}"
EndProject
Project("{8BC9CEB8-8B4A-11D0-8D11-00A0C91BC942}") = "1 - Varijable i tipovi podataka", "Predavanja\1 - Varijable i tipovi podataka\1 - Varijable i tipovi podataka.vcxproj", "{FAA265DC-912F-47EB-9502-5DB6F8C5C4BB}"
EndProject
Project("{8BC9CEB8-8B4A-11D0-8D11-00A0C91BC942}") = "2 - Operatori", "Predavanja\2 - Operatori\2 - Operatori.vcxproj", "{E0492ECC-4EAD-4F26-A30D-57F018CA5350}"
EndProject
Project("{8BC9CEB8-8B4A-11D0-8D11-00A0C91BC942}") = "3 - Nizovi i petlje", "Predavanja\3 - Nizovi i petlje\3 - Nizovi i petlje.vcxproj", "{FCC13177-3D0F-4590-BA5E-BE1AC828E366}"
EndProject
Project("{8BC9CEB8-8B4A-11D0-8D11-00A0C91BC942}") = "4 - Funkcije", "Predavanja\4 - Funkcije\4 - Funkcije.vcxproj", "{D7CDEE79-49E7-4028-900D-B8FB90BF31D6}"
EndProject
Project("{8BC9CEB8-8B4A-11D0-8D11-00A0C91BC942}") = "5 - Objekti i klase te setter-getter", "Predavanja\5 - Objekti i klase te setter-getter\5 - Objekti i klase te setter-getter.vcxproj", "{7F637A08-18C3-4C6B-AF04-91CF3214B998}"
EndProject
Project("{8BC9CEB8-8B4A-11D0-8D11-00A0C91BC942}") = "6 - Vježbanje - Catalogue zadatak", "Predavanja\6 - Vježbanje - Catalogue zadatak\6 - Vježbanje - Catalogue zadatak.vcxproj", "{D675840E-2C8B-4F33-B96A-C24794F09066}"
EndProject
Project("{8BC9CEB8-8B4A-11D0-8D11-00A0C91BC942}") = "6 - Vježbanje - Coin acceptor zadatak", "Predavanja\6 - Vježbanje - Coin acceptor zadatak\6 - Vježbanje - Coin acceptor zadatak.vcxproj", "{5EDED776-A75B-4DD3-9B78-6084140880DC}"
EndProject
Project("{8BC9CEB8-8B4A-11D0-8D11-00A0C91BC942}") = "7 - Function overload", "Predavanja\7 - Function overload\7 - Function overload.vcxproj", "{96BF0E49-D0CA-488D-A9EB-843615238843}"
EndProject
Project("{8BC9CEB8-8B4A-11D0-8D11-00A0C91BC942}") = "7 - Switch case", "Predavanja\7 - Switch case\7 - Switch case.vcxproj", "{63E294A7-5D4F-453F-B9C2-A153B2D807C9}"
EndProject
Project("{8BC9CEB8-8B4A-11D0-8D11-00A0C91BC942}") = "Objašnjenje - For petlje", "Dodatna objašnjenja za razne koncepte\Objašnjenje - For petlje\Objašnjenje - For petlje.vcxproj", "{E443E545-4021-4773-A0C0-8DE357B4E98D}"
EndProject
Project("{8BC9CEB8-8B4A-11D0-8D11-00A0C91BC942}") = "Objašnjenje - Nizovi", "Dodatna objašnjenja za razne koncepte\Objašnjenje - Nizovi\Objašnjenje - Nizovi.vcxproj", "{16F48108-68C3-480A-AC6A-6DD539EB2D86}"
EndProject
Project("{8BC9CEB8-8B4A-11D0-8D11-00A0C91BC942}") = "01 - Operatori - KrizicKruzic", "Zadatci\01 - Operatori - KrizicKruzic\01 - Operatori - KrizicKruzic.vcxproj", "{5B6C8223-A3E5-4EA4-AF4B-D17A5775FFDF}"
EndProject
Project("{8BC9CEB8-8B4A-11D0-8D11-00A0C91BC942}") = "02 - Operatori - Luhn Algoritam", "Zadatci\02 - Operatori - Luhn Algoritam\02 - Operatori - Luhn Algoritam.vcxproj", "{09EAC729-F22B-49BA-A4EA-09046A73913A}"
EndProject
Project("{8BC9CEB8-8B4A-11D0-8D11-00A0C91BC942}") = "03 - Flow control - FizzBuzz", "Zadatci\03 - Flow control - FizzBuzz\03 - Flow control - FizzBuzz.vcxproj", "{7B49AA63-6009-4D69-9B5E-780BF4CD4B4D}"
EndProject
Project("{8BC9CEB8-8B4A-11D0-8D11-00A0C91BC942}") = "04 - Flow control - Ispis svih ASCII znakova", "Zadatci\04 - Flow control - Ispis svih ASCII znakova\04 - Flow control - Ispis svih ASCII znakova.vcxproj", "{EF545274-307E-453C-B4E0-DB6F11470D85}"
EndProject
Project("{8BC9CEB8-8B4A-11D0-8D11-00A0C91BC942}") = "05 - Nizovi - Skoro pa pravi Šah", "Zadatci\05 - Nizovi - Skoro pa pravi Šah\05 - Nizovi - Skoro pa pravi Šah.vcxproj", "{84341DF7-AD0A-4F85-9154-53BF851077DA}"
EndProject
Project("{8BC9CEB8-8B4A-11D0-8D11-00A0C91BC942}") = "08 - Funkcije - Zbroj znamenki", "Zadatci\08 - Funkcije - Zbroj znamenki\08 - Funkcije - Zbroj znamenki.vcxproj", "{567A148E-3610-492A-A9E4-1636DB17CD2F}"
EndProject
Project("{8BC9CEB8-8B4A-11D0-8D11-00A0C91BC942}") = "09 - Funkcije - Prosjek niza", "Zadatci\09 - Funkcije - Prosjek niza\09 - Funkcije - Prosjek niza.vcxproj", "{86DCA847-C85E-430A-86D9-53962C3E2E3B}"
EndProject
Project("{8BC9CEB8-8B4A-11D0-8D11-00A0C91BC942}") = "10 - Funkcije - Triple equality check", "Zadatci\10 - Funkcije - Triple equality check\10 - Funkcije - Triple equality check.vcxproj", "{9C9F3C7E-2F2D-49E8-AC30-A687336178C9}"
EndProject
Project("{8BC9CEB8-8B4A-11D0-8D11-00A0C91BC942}") = "11 - Funkcije - Repetitorij gramatike funkcija", "Zadatci\11 - Funkcije - Repetitorij gramatike funkcija\11 - Funkcije - Repetitorij gramatike funkcija.vcxproj", "{48B22CA2-0E8C-4B9F-8DC1-41B3C5768399}"
EndProject
Project("{8BC9CEB8-8B4A-11D0-8D11-00A0C91BC942}") = "14 - Objekti - Regulacija prometa na raskrižju", "Zadatci\14 - Objekti - Regulacija prometa na raskrižju\14 - Objekti - Regulacija prometa na raskrižju.vcxproj", "{44478F9B-5E53-40AB-8979-647DC36AD82A}"
EndProject
Project("{8BC9CEB8-8B4A-11D0-8D11-00A0C91BC942}") = "15 - Objekti - Kartaske igre 1 - Karta", "Zadatci\15 - Objekti - Kartaske igre 1 - Karta\15 - Objekti - Kartaske igre 1 - Karta.vcxproj", "{54F81A28-5805-4F51-90C4-8AA72CE07B0B}"
EndProject
Project("{8BC9CEB8-8B4A-11D0-8D11-00A0C91BC942}") = "7 - Semafor zadatak & Headeri", "Predavanja\7 - Semafor zadatak & Headeri\7 - Semafor zadatak & Headeri.vcxproj", "{C8834C99-E8C6-48DF-9135-CE4E9130A7FC}"
EndProject
Project("{8BC9CEB8-8B4A-11D0-8D11-00A0C91BC942}") = "7 - Stringovi", "Predavanja\7 - Stringovi\7 - Stringovi.vcxproj", "{AD46F619-AF44-4A5D-90CF-666145628F07}"
EndProject
Project("{8BC9CEB8-8B4A-11D0-8D11-00A0C91BC942}") = "8 - Vektori", "Predavanja\8 - Vektori\8 - Vektori.vcxproj", "{0F8CA5E6-5693-4722-92EE-780270DC59A5}"
EndProject
Project("{8BC9CEB8-8B4A-11D0-8D11-00A0C91BC942}") = "8 - Uvod u SFML", "Predavanja\8 - Uvod u SFML\8 - Uvod u SFML.vcxproj", "{6EE63883-CD64-45F8-970D-9A78ADBB8C4B}"
EndProject
Project("{8BC9CEB8-8B4A-11D0-8D11-00A0C91BC942}") = "06 - Funkcije - Procjena kvalitete rand() funkcije", "Zadatci\06 - Funkcije - Procjena kvalitete rand() funkcije\06 - Funkcije - Procjena kvalitete rand() funkcije.vcxproj", "{03C4411C-75EB-4C9D-8877-E9066C18E89F}"
EndProject
Project("{8BC9CEB8-8B4A-11D0-8D11-00A0C91BC942}") = "07 - Funkcije - Loto 6_od_45", "Zadatci\07 - Funkcije - Loto 6_od_45\07 - Funkcije - Loto 6_od_45.vcxproj", "{122C3A80-B73B-4F75-ACD0-436E9625B776}"
EndProject
Project("{8BC9CEB8-8B4A-11D0-8D11-00A0C91BC942}") = "23 - External libraries - Simple and Fast (SFML)", "Zadatci\23 - External libraries - Simple and Fast (SFML)\23 - External libraries - Simple and Fast (SFML).vcxproj", "{E79BEC8C-DFE7-4E81-9A7E-D2DD32336657}"
EndProject
Project("{8BC9CEB8-8B4A-11D0-8D11-00A0C91BC942}") = "18 - Strings - Simple autocapitalize", "Zadatci\18 - Strings - Simple autocapitalize\18 - Strings - Simple autocapitalize.vcxproj", "{C02EB07B-87F5-4E7B-A1CE-FF6AA2D13FCB}"
EndProject
Project("{8BC9CEB8-8B4A-11D0-8D11-00A0C91BC942}") = "Objašnjenje - Klase i objekti", "Dodatna objašnjenja za razne koncepte\Objašnjenje - Klase i objekti\Objašnjenje - Klase i objekti.vcxproj", "{9B0F4D00-704A-4CAF-A6A5-342C97F35037}"
EndProject
Global
	GlobalSection(SolutionConfigurationPlatforms) = preSolution
		Debug|x64 = Debug|x64
		Debug|x86 = Debug|x86
		Release|x64 = Release|x64
		Release|x86 = Release|x86
	EndGlobalSection
	GlobalSection(ProjectConfigurationPlatforms) = postSolution
		{FAA265DC-912F-47EB-9502-5DB6F8C5C4BB}.Debug|x64.ActiveCfg = Debug|x64
		{FAA265DC-912F-47EB-9502-5DB6F8C5C4BB}.Debug|x64.Build.0 = Debug|x64
		{FAA265DC-912F-47EB-9502-5DB6F8C5C4BB}.Debug|x86.ActiveCfg = Debug|Win32
		{FAA265DC-912F-47EB-9502-5DB6F8C5C4BB}.Debug|x86.Build.0 = Debug|Win32
		{FAA265DC-912F-47EB-9502-5DB6F8C5C4BB}.Release|x64.ActiveCfg = Release|x64
		{FAA265DC-912F-47EB-9502-5DB6F8C5C4BB}.Release|x64.Build.0 = Release|x64
		{FAA265DC-912F-47EB-9502-5DB6F8C5C4BB}.Release|x86.ActiveCfg = Release|Win32
		{FAA265DC-912F-47EB-9502-5DB6F8C5C4BB}.Release|x86.Build.0 = Release|Win32
		{E0492ECC-4EAD-4F26-A30D-57F018CA5350}.Debug|x64.ActiveCfg = Debug|x64
		{E0492ECC-4EAD-4F26-A30D-57F018CA5350}.Debug|x64.Build.0 = Debug|x64
		{E0492ECC-4EAD-4F26-A30D-57F018CA5350}.Debug|x86.ActiveCfg = Debug|Win32
		{E0492ECC-4EAD-4F26-A30D-57F018CA5350}.Debug|x86.Build.0 = Debug|Win32
		{E0492ECC-4EAD-4F26-A30D-57F018CA5350}.Release|x64.ActiveCfg = Release|x64
		{E0492ECC-4EAD-4F26-A30D-57F018CA5350}.Release|x64.Build.0 = Release|x64
		{E0492ECC-4EAD-4F26-A30D-57F018CA5350}.Release|x86.ActiveCfg = Release|Win32
		{E0492ECC-4EAD-4F26-A30D-57F018CA5350}.Release|x86.Build.0 = Release|Win32
		{FCC13177-3D0F-4590-BA5E-BE1AC828E366}.Debug|x64.ActiveCfg = Debug|x64
		{FCC13177-3D0F-4590-BA5E-BE1AC828E366}.Debug|x64.Build.0 = Debug|x64
		{FCC13177-3D0F-4590-BA5E-BE1AC828E366}.Debug|x86.ActiveCfg = Debug|Win32
		{FCC13177-3D0F-4590-BA5E-BE1AC828E366}.Debug|x86.Build.0 = Debug|Win32
		{FCC13177-3D0F-4590-BA5E-BE1AC828E366}.Release|x64.ActiveCfg = Release|x64
		{FCC13177-3D0F-4590-BA5E-BE1AC828E366}.Release|x64.Build.0 = Release|x64
		{FCC13177-3D0F-4590-BA5E-BE1AC828E366}.Release|x86.ActiveCfg = Release|Win32
		{FCC13177-3D0F-4590-BA5E-BE1AC828E366}.Release|x86.Build.0 = Release|Win32
		{D7CDEE79-49E7-4028-900D-B8FB90BF31D6}.Debug|x64.ActiveCfg = Debug|x64
		{D7CDEE79-49E7-4028-900D-B8FB90BF31D6}.Debug|x64.Build.0 = Debug|x64
		{D7CDEE79-49E7-4028-900D-B8FB90BF31D6}.Debug|x86.ActiveCfg = Debug|Win32
		{D7CDEE79-49E7-4028-900D-B8FB90BF31D6}.Debug|x86.Build.0 = Debug|Win32
		{D7CDEE79-49E7-4028-900D-B8FB90BF31D6}.Release|x64.ActiveCfg = Release|x64
		{D7CDEE79-49E7-4028-900D-B8FB90BF31D6}.Release|x64.Build.0 = Release|x64
		{D7CDEE79-49E7-4028-900D-B8FB90BF31D6}.Release|x86.ActiveCfg = Release|Win32
		{D7CDEE79-49E7-4028-900D-B8FB90BF31D6}.Release|x86.Build.0 = Release|Win32
		{7F637A08-18C3-4C6B-AF04-91CF3214B998}.Debug|x64.ActiveCfg = Debug|x64
		{7F637A08-18C3-4C6B-AF04-91CF3214B998}.Debug|x64.Build.0 = Debug|x64
		{7F637A08-18C3-4C6B-AF04-91CF3214B998}.Debug|x86.ActiveCfg = Debug|Win32
		{7F637A08-18C3-4C6B-AF04-91CF3214B998}.Debug|x86.Build.0 = Debug|Win32
		{7F637A08-18C3-4C6B-AF04-91CF3214B998}.Release|x64.ActiveCfg = Release|x64
		{7F637A08-18C3-4C6B-AF04-91CF3214B998}.Release|x64.Build.0 = Release|x64
		{7F637A08-18C3-4C6B-AF04-91CF3214B998}.Release|x86.ActiveCfg = Release|Win32
		{7F637A08-18C3-4C6B-AF04-91CF3214B998}.Release|x86.Build.0 = Release|Win32
		{D675840E-2C8B-4F33-B96A-C24794F09066}.Debug|x64.ActiveCfg = Debug|x64
		{D675840E-2C8B-4F33-B96A-C24794F09066}.Debug|x64.Build.0 = Debug|x64
		{D675840E-2C8B-4F33-B96A-C24794F09066}.Debug|x86.ActiveCfg = Debug|Win32
		{D675840E-2C8B-4F33-B96A-C24794F09066}.Debug|x86.Build.0 = Debug|Win32
		{D675840E-2C8B-4F33-B96A-C24794F09066}.Release|x64.ActiveCfg = Release|x64
		{D675840E-2C8B-4F33-B96A-C24794F09066}.Release|x64.Build.0 = Release|x64
		{D675840E-2C8B-4F33-B96A-C24794F09066}.Release|x86.ActiveCfg = Release|Win32
		{D675840E-2C8B-4F33-B96A-C24794F09066}.Release|x86.Build.0 = Release|Win32
		{5EDED776-A75B-4DD3-9B78-6084140880DC}.Debug|x64.ActiveCfg = Debug|x64
		{5EDED776-A75B-4DD3-9B78-6084140880DC}.Debug|x64.Build.0 = Debug|x64
		{5EDED776-A75B-4DD3-9B78-6084140880DC}.Debug|x86.ActiveCfg = Debug|Win32
		{5EDED776-A75B-4DD3-9B78-6084140880DC}.Debug|x86.Build.0 = Debug|Win32
		{5EDED776-A75B-4DD3-9B78-6084140880DC}.Release|x64.ActiveCfg = Release|x64
		{5EDED776-A75B-4DD3-9B78-6084140880DC}.Release|x64.Build.0 = Release|x64
		{5EDED776-A75B-4DD3-9B78-6084140880DC}.Release|x86.ActiveCfg = Release|Win32
		{5EDED776-A75B-4DD3-9B78-6084140880DC}.Release|x86.Build.0 = Release|Win32
		{96BF0E49-D0CA-488D-A9EB-843615238843}.Debug|x64.ActiveCfg = Debug|x64
		{96BF0E49-D0CA-488D-A9EB-843615238843}.Debug|x64.Build.0 = Debug|x64
		{96BF0E49-D0CA-488D-A9EB-843615238843}.Debug|x86.ActiveCfg = Debug|Win32
		{96BF0E49-D0CA-488D-A9EB-843615238843}.Debug|x86.Build.0 = Debug|Win32
		{96BF0E49-D0CA-488D-A9EB-843615238843}.Release|x64.ActiveCfg = Release|x64
		{96BF0E49-D0CA-488D-A9EB-843615238843}.Release|x64.Build.0 = Release|x64
		{96BF0E49-D0CA-488D-A9EB-843615238843}.Release|x86.ActiveCfg = Release|Win32
		{96BF0E49-D0CA-488D-A9EB-843615238843}.Release|x86.Build.0 = Release|Win32
		{63E294A7-5D4F-453F-B9C2-A153B2D807C9}.Debug|x64.ActiveCfg = Debug|x64
		{63E294A7-5D4F-453F-B9C2-A153B2D807C9}.Debug|x64.Build.0 = Debug|x64
		{63E294A7-5D4F-453F-B9C2-A153B2D807C9}.Debug|x86.ActiveCfg = Debug|Win32
		{63E294A7-5D4F-453F-B9C2-A153B2D807C9}.Debug|x86.Build.0 = Debug|Win32
		{63E294A7-5D4F-453F-B9C2-A153B2D807C9}.Release|x64.ActiveCfg = Release|x64
		{63E294A7-5D4F-453F-B9C2-A153B2D807C9}.Release|x64.Build.0 = Release|x64
		{63E294A7-5D4F-453F-B9C2-A153B2D807C9}.Release|x86.ActiveCfg = Release|Win32
		{63E294A7-5D4F-453F-B9C2-A153B2D807C9}.Release|x86.Build.0 = Release|Win32
		{E443E545-4021-4773-A0C0-8DE357B4E98D}.Debug|x64.ActiveCfg = Debug|x64
		{E443E545-4021-4773-A0C0-8DE357B4E98D}.Debug|x64.Build.0 = Debug|x64
		{E443E545-4021-4773-A0C0-8DE357B4E98D}.Debug|x86.ActiveCfg = Debug|Win32
		{E443E545-4021-4773-A0C0-8DE357B4E98D}.Debug|x86.Build.0 = Debug|Win32
		{E443E545-4021-4773-A0C0-8DE357B4E98D}.Release|x64.ActiveCfg = Release|x64
		{E443E545-4021-4773-A0C0-8DE357B4E98D}.Release|x64.Build.0 = Release|x64
		{E443E545-4021-4773-A0C0-8DE357B4E98D}.Release|x86.ActiveCfg = Release|Win32
		{E443E545-4021-4773-A0C0-8DE357B4E98D}.Release|x86.Build.0 = Release|Win32
		{16F48108-68C3-480A-AC6A-6DD539EB2D86}.Debug|x64.ActiveCfg = Debug|x64
		{16F48108-68C3-480A-AC6A-6DD539EB2D86}.Debug|x64.Build.0 = Debug|x64
		{16F48108-68C3-480A-AC6A-6DD539EB2D86}.Debug|x86.ActiveCfg = Debug|Win32
		{16F48108-68C3-480A-AC6A-6DD539EB2D86}.Debug|x86.Build.0 = Debug|Win32
		{16F48108-68C3-480A-AC6A-6DD539EB2D86}.Release|x64.ActiveCfg = Release|x64
		{16F48108-68C3-480A-AC6A-6DD539EB2D86}.Release|x64.Build.0 = Release|x64
		{16F48108-68C3-480A-AC6A-6DD539EB2D86}.Release|x86.ActiveCfg = Release|Win32
		{16F48108-68C3-480A-AC6A-6DD539EB2D86}.Release|x86.Build.0 = Release|Win32
		{5B6C8223-A3E5-4EA4-AF4B-D17A5775FFDF}.Debug|x64.ActiveCfg = Debug|x64
		{5B6C8223-A3E5-4EA4-AF4B-D17A5775FFDF}.Debug|x64.Build.0 = Debug|x64
		{5B6C8223-A3E5-4EA4-AF4B-D17A5775FFDF}.Debug|x86.ActiveCfg = Debug|Win32
		{5B6C8223-A3E5-4EA4-AF4B-D17A5775FFDF}.Debug|x86.Build.0 = Debug|Win32
		{5B6C8223-A3E5-4EA4-AF4B-D17A5775FFDF}.Release|x64.ActiveCfg = Release|x64
		{5B6C8223-A3E5-4EA4-AF4B-D17A5775FFDF}.Release|x64.Build.0 = Release|x64
		{5B6C8223-A3E5-4EA4-AF4B-D17A5775FFDF}.Release|x86.ActiveCfg = Release|Win32
		{5B6C8223-A3E5-4EA4-AF4B-D17A5775FFDF}.Release|x86.Build.0 = Release|Win32
		{09EAC729-F22B-49BA-A4EA-09046A73913A}.Debug|x64.ActiveCfg = Debug|x64
		{09EAC729-F22B-49BA-A4EA-09046A73913A}.Debug|x64.Build.0 = Debug|x64
		{09EAC729-F22B-49BA-A4EA-09046A73913A}.Debug|x86.ActiveCfg = Debug|Win32
		{09EAC729-F22B-49BA-A4EA-09046A73913A}.Debug|x86.Build.0 = Debug|Win32
		{09EAC729-F22B-49BA-A4EA-09046A73913A}.Release|x64.ActiveCfg = Release|x64
		{09EAC729-F22B-49BA-A4EA-09046A73913A}.Release|x64.Build.0 = Release|x64
		{09EAC729-F22B-49BA-A4EA-09046A73913A}.Release|x86.ActiveCfg = Release|Win32
		{09EAC729-F22B-49BA-A4EA-09046A73913A}.Release|x86.Build.0 = Release|Win32
		{7B49AA63-6009-4D69-9B5E-780BF4CD4B4D}.Debug|x64.ActiveCfg = Debug|x64
		{7B49AA63-6009-4D69-9B5E-780BF4CD4B4D}.Debug|x64.Build.0 = Debug|x64
		{7B49AA63-6009-4D69-9B5E-780BF4CD4B4D}.Debug|x86.ActiveCfg = Debug|Win32
		{7B49AA63-6009-4D69-9B5E-780BF4CD4B4D}.Debug|x86.Build.0 = Debug|Win32
		{7B49AA63-6009-4D69-9B5E-780BF4CD4B4D}.Release|x64.ActiveCfg = Release|x64
		{7B49AA63-6009-4D69-9B5E-780BF4CD4B4D}.Release|x64.Build.0 = Release|x64
		{7B49AA63-6009-4D69-9B5E-780BF4CD4B4D}.Release|x86.ActiveCfg = Release|Win32
		{7B49AA63-6009-4D69-9B5E-780BF4CD4B4D}.Release|x86.Build.0 = Release|Win32
		{EF545274-307E-453C-B4E0-DB6F11470D85}.Debug|x64.ActiveCfg = Debug|x64
		{EF545274-307E-453C-B4E0-DB6F11470D85}.Debug|x64.Build.0 = Debug|x64
		{EF545274-307E-453C-B4E0-DB6F11470D85}.Debug|x86.ActiveCfg = Debug|Win32
		{EF545274-307E-453C-B4E0-DB6F11470D85}.Debug|x86.Build.0 = Debug|Win32
		{EF545274-307E-453C-B4E0-DB6F11470D85}.Release|x64.ActiveCfg = Release|x64
		{EF545274-307E-453C-B4E0-DB6F11470D85}.Release|x64.Build.0 = Release|x64
		{EF545274-307E-453C-B4E0-DB6F11470D85}.Release|x86.ActiveCfg = Release|Win32
		{EF545274-307E-453C-B4E0-DB6F11470D85}.Release|x86.Build.0 = Release|Win32
		{84341DF7-AD0A-4F85-9154-53BF851077DA}.Debug|x64.ActiveCfg = Debug|x64
		{84341DF7-AD0A-4F85-9154-53BF851077DA}.Debug|x64.Build.0 = Debug|x64
		{84341DF7-AD0A-4F85-9154-53BF851077DA}.Debug|x86.ActiveCfg = Debug|Win32
		{84341DF7-AD0A-4F85-9154-53BF851077DA}.Debug|x86.Build.0 = Debug|Win32
		{84341DF7-AD0A-4F85-9154-53BF851077DA}.Release|x64.ActiveCfg = Release|x64
		{84341DF7-AD0A-4F85-9154-53BF851077DA}.Release|x64.Build.0 = Release|x64
		{84341DF7-AD0A-4F85-9154-53BF851077DA}.Release|x86.ActiveCfg = Release|Win32
		{84341DF7-AD0A-4F85-9154-53BF851077DA}.Release|x86.Build.0 = Release|Win32
		{567A148E-3610-492A-A9E4-1636DB17CD2F}.Debug|x64.ActiveCfg = Debug|x64
		{567A148E-3610-492A-A9E4-1636DB17CD2F}.Debug|x64.Build.0 = Debug|x64
		{567A148E-3610-492A-A9E4-1636DB17CD2F}.Debug|x86.ActiveCfg = Debug|Win32
		{567A148E-3610-492A-A9E4-1636DB17CD2F}.Debug|x86.Build.0 = Debug|Win32
		{567A148E-3610-492A-A9E4-1636DB17CD2F}.Release|x64.ActiveCfg = Release|x64
		{567A148E-3610-492A-A9E4-1636DB17CD2F}.Release|x64.Build.0 = Release|x64
		{567A148E-3610-492A-A9E4-1636DB17CD2F}.Release|x86.ActiveCfg = Release|Win32
		{567A148E-3610-492A-A9E4-1636DB17CD2F}.Release|x86.Build.0 = Release|Win32
		{86DCA847-C85E-430A-86D9-53962C3E2E3B}.Debug|x64.ActiveCfg = Debug|x64
		{86DCA847-C85E-430A-86D9-53962C3E2E3B}.Debug|x64.Build.0 = Debug|x64
		{86DCA847-C85E-430A-86D9-53962C3E2E3B}.Debug|x86.ActiveCfg = Debug|Win32
		{86DCA847-C85E-430A-86D9-53962C3E2E3B}.Debug|x86.Build.0 = Debug|Win32
		{86DCA847-C85E-430A-86D9-53962C3E2E3B}.Release|x64.ActiveCfg = Release|x64
		{86DCA847-C85E-430A-86D9-53962C3E2E3B}.Release|x64.Build.0 = Release|x64
		{86DCA847-C85E-430A-86D9-53962C3E2E3B}.Release|x86.ActiveCfg = Release|Win32
		{86DCA847-C85E-430A-86D9-53962C3E2E3B}.Release|x86.Build.0 = Release|Win32
		{9C9F3C7E-2F2D-49E8-AC30-A687336178C9}.Debug|x64.ActiveCfg = Debug|x64
		{9C9F3C7E-2F2D-49E8-AC30-A687336178C9}.Debug|x64.Build.0 = Debug|x64
		{9C9F3C7E-2F2D-49E8-AC30-A687336178C9}.Debug|x86.ActiveCfg = Debug|Win32
		{9C9F3C7E-2F2D-49E8-AC30-A687336178C9}.Debug|x86.Build.0 = Debug|Win32
		{9C9F3C7E-2F2D-49E8-AC30-A687336178C9}.Release|x64.ActiveCfg = Release|x64
		{9C9F3C7E-2F2D-49E8-AC30-A687336178C9}.Release|x64.Build.0 = Release|x64
		{9C9F3C7E-2F2D-49E8-AC30-A687336178C9}.Release|x86.ActiveCfg = Release|Win32
		{9C9F3C7E-2F2D-49E8-AC30-A687336178C9}.Release|x86.Build.0 = Release|Win32
		{48B22CA2-0E8C-4B9F-8DC1-41B3C5768399}.Debug|x64.ActiveCfg = Debug|x64
		{48B22CA2-0E8C-4B9F-8DC1-41B3C5768399}.Debug|x64.Build.0 = Debug|x64
		{48B22CA2-0E8C-4B9F-8DC1-41B3C5768399}.Debug|x86.ActiveCfg = Debug|Win32
		{48B22CA2-0E8C-4B9F-8DC1-41B3C5768399}.Debug|x86.Build.0 = Debug|Win32
		{48B22CA2-0E8C-4B9F-8DC1-41B3C5768399}.Release|x64.ActiveCfg = Release|x64
		{48B22CA2-0E8C-4B9F-8DC1-41B3C5768399}.Release|x64.Build.0 = Release|x64
		{48B22CA2-0E8C-4B9F-8DC1-41B3C5768399}.Release|x86.ActiveCfg = Release|Win32
		{48B22CA2-0E8C-4B9F-8DC1-41B3C5768399}.Release|x86.Build.0 = Release|Win32
		{44478F9B-5E53-40AB-8979-647DC36AD82A}.Debug|x64.ActiveCfg = Debug|x64
		{44478F9B-5E53-40AB-8979-647DC36AD82A}.Debug|x64.Build.0 = Debug|x64
		{44478F9B-5E53-40AB-8979-647DC36AD82A}.Debug|x86.ActiveCfg = Debug|Win32
		{44478F9B-5E53-40AB-8979-647DC36AD82A}.Debug|x86.Build.0 = Debug|Win32
		{44478F9B-5E53-40AB-8979-647DC36AD82A}.Release|x64.ActiveCfg = Release|x64
		{44478F9B-5E53-40AB-8979-647DC36AD82A}.Release|x64.Build.0 = Release|x64
		{44478F9B-5E53-40AB-8979-647DC36AD82A}.Release|x86.ActiveCfg = Release|Win32
		{44478F9B-5E53-40AB-8979-647DC36AD82A}.Release|x86.Build.0 = Release|Win32
		{54F81A28-5805-4F51-90C4-8AA72CE07B0B}.Debug|x64.ActiveCfg = Debug|x64
		{54F81A28-5805-4F51-90C4-8AA72CE07B0B}.Debug|x64.Build.0 = Debug|x64
		{54F81A28-5805-4F51-90C4-8AA72CE07B0B}.Debug|x86.ActiveCfg = Debug|Win32
		{54F81A28-5805-4F51-90C4-8AA72CE07B0B}.Debug|x86.Build.0 = Debug|Win32
		{54F81A28-5805-4F51-90C4-8AA72CE07B0B}.Release|x64.ActiveCfg = Release|x64
		{54F81A28-5805-4F51-90C4-8AA72CE07B0B}.Release|x64.Build.0 = Release|x64
		{54F81A28-5805-4F51-90C4-8AA72CE07B0B}.Release|x86.ActiveCfg = Release|Win32
		{54F81A28-5805-4F51-90C4-8AA72CE07B0B}.Release|x86.Build.0 = Release|Win32
		{C8834C99-E8C6-48DF-9135-CE4E9130A7FC}.Debug|x64.ActiveCfg = Debug|x64
		{C8834C99-E8C6-48DF-9135-CE4E9130A7FC}.Debug|x64.Build.0 = Debug|x64
		{C8834C99-E8C6-48DF-9135-CE4E9130A7FC}.Debug|x86.ActiveCfg = Debug|Win32
		{C8834C99-E8C6-48DF-9135-CE4E9130A7FC}.Debug|x86.Build.0 = Debug|Win32
		{C8834C99-E8C6-48DF-9135-CE4E9130A7FC}.Release|x64.ActiveCfg = Release|x64
		{C8834C99-E8C6-48DF-9135-CE4E9130A7FC}.Release|x64.Build.0 = Release|x64
		{C8834C99-E8C6-48DF-9135-CE4E9130A7FC}.Release|x86.ActiveCfg = Release|Win32
		{C8834C99-E8C6-48DF-9135-CE4E9130A7FC}.Release|x86.Build.0 = Release|Win32
		{AD46F619-AF44-4A5D-90CF-666145628F07}.Debug|x64.ActiveCfg = Debug|x64
		{AD46F619-AF44-4A5D-90CF-666145628F07}.Debug|x64.Build.0 = Debug|x64
		{AD46F619-AF44-4A5D-90CF-666145628F07}.Debug|x86.ActiveCfg = Debug|Win32
		{AD46F619-AF44-4A5D-90CF-666145628F07}.Debug|x86.Build.0 = Debug|Win32
		{AD46F619-AF44-4A5D-90CF-666145628F07}.Release|x64.ActiveCfg = Release|x64
		{AD46F619-AF44-4A5D-90CF-666145628F07}.Release|x64.Build.0 = Release|x64
		{AD46F619-AF44-4A5D-90CF-666145628F07}.Release|x86.ActiveCfg = Release|Win32
		{AD46F619-AF44-4A5D-90CF-666145628F07}.Release|x86.Build.0 = Release|Win32
		{0F8CA5E6-5693-4722-92EE-780270DC59A5}.Debug|x64.ActiveCfg = Debug|x64
		{0F8CA5E6-5693-4722-92EE-780270DC59A5}.Debug|x64.Build.0 = Debug|x64
		{0F8CA5E6-5693-4722-92EE-780270DC59A5}.Debug|x86.ActiveCfg = Debug|Win32
		{0F8CA5E6-5693-4722-92EE-780270DC59A5}.Debug|x86.Build.0 = Debug|Win32
		{0F8CA5E6-5693-4722-92EE-780270DC59A5}.Release|x64.ActiveCfg = Release|x64
		{0F8CA5E6-5693-4722-92EE-780270DC59A5}.Release|x64.Build.0 = Release|x64
		{0F8CA5E6-5693-4722-92EE-780270DC59A5}.Release|x86.ActiveCfg = Release|Win32
		{0F8CA5E6-5693-4722-92EE-780270DC59A5}.Release|x86.Build.0 = Release|Win32
		{6EE63883-CD64-45F8-970D-9A78ADBB8C4B}.Debug|x64.ActiveCfg = Debug|x64
		{6EE63883-CD64-45F8-970D-9A78ADBB8C4B}.Debug|x64.Build.0 = Debug|x64
		{6EE63883-CD64-45F8-970D-9A78ADBB8C4B}.Debug|x86.ActiveCfg = Debug|Win32
		{6EE63883-CD64-45F8-970D-9A78ADBB8C4B}.Debug|x86.Build.0 = Debug|Win32
		{6EE63883-CD64-45F8-970D-9A78ADBB8C4B}.Release|x64.ActiveCfg = Release|x64
		{6EE63883-CD64-45F8-970D-9A78ADBB8C4B}.Release|x64.Build.0 = Release|x64
		{6EE63883-CD64-45F8-970D-9A78ADBB8C4B}.Release|x86.ActiveCfg = Release|Win32
		{6EE63883-CD64-45F8-970D-9A78ADBB8C4B}.Release|x86.Build.0 = Release|Win32
		{03C4411C-75EB-4C9D-8877-E9066C18E89F}.Debug|x64.ActiveCfg = Debug|x64
		{03C4411C-75EB-4C9D-8877-E9066C18E89F}.Debug|x64.Build.0 = Debug|x64
		{03C4411C-75EB-4C9D-8877-E9066C18E89F}.Debug|x86.ActiveCfg = Debug|Win32
		{03C4411C-75EB-4C9D-8877-E9066C18E89F}.Debug|x86.Build.0 = Debug|Win32
		{03C4411C-75EB-4C9D-8877-E9066C18E89F}.Release|x64.ActiveCfg = Release|x64
		{03C4411C-75EB-4C9D-8877-E9066C18E89F}.Release|x64.Build.0 = Release|x64
		{03C4411C-75EB-4C9D-8877-E9066C18E89F}.Release|x86.ActiveCfg = Release|Win32
		{03C4411C-75EB-4C9D-8877-E9066C18E89F}.Release|x86.Build.0 = Release|Win32
		{122C3A80-B73B-4F75-ACD0-436E9625B776}.Debug|x64.ActiveCfg = Debug|x64
		{122C3A80-B73B-4F75-ACD0-436E9625B776}.Debug|x64.Build.0 = Debug|x64
		{122C3A80-B73B-4F75-ACD0-436E9625B776}.Debug|x86.ActiveCfg = Debug|Win32
		{122C3A80-B73B-4F75-ACD0-436E9625B776}.Debug|x86.Build.0 = Debug|Win32
		{122C3A80-B73B-4F75-ACD0-436E9625B776}.Release|x64.ActiveCfg = Release|x64
		{122C3A80-B73B-4F75-ACD0-436E9625B776}.Release|x64.Build.0 = Release|x64
		{122C3A80-B73B-4F75-ACD0-436E9625B776}.Release|x86.ActiveCfg = Release|Win32
		{122C3A80-B73B-4F75-ACD0-436E9625B776}.Release|x86.Build.0 = Release|Win32
		{E79BEC8C-DFE7-4E81-9A7E-D2DD32336657}.Debug|x64.ActiveCfg = Debug|x64
		{E79BEC8C-DFE7-4E81-9A7E-D2DD32336657}.Debug|x64.Build.0 = Debug|x64
		{E79BEC8C-DFE7-4E81-9A7E-D2DD32336657}.Debug|x86.ActiveCfg = Debug|Win32
		{E79BEC8C-DFE7-4E81-9A7E-D2DD32336657}.Debug|x86.Build.0 = Debug|Win32
		{E79BEC8C-DFE7-4E81-9A7E-D2DD32336657}.Release|x64.ActiveCfg = Release|x64
		{E79BEC8C-DFE7-4E81-9A7E-D2DD32336657}.Release|x64.Build.0 = Release|x64
		{E79BEC8C-DFE7-4E81-9A7E-D2DD32336657}.Release|x86.ActiveCfg = Release|Win32
		{E79BEC8C-DFE7-4E81-9A7E-D2DD32336657}.Release|x86.Build.0 = Release|Win32
		{C02EB07B-87F5-4E7B-A1CE-FF6AA2D13FCB}.Debug|x64.ActiveCfg = Debug|x64
		{C02EB07B-87F5-4E7B-A1CE-FF6AA2D13FCB}.Debug|x64.Build.0 = Debug|x64
		{C02EB07B-87F5-4E7B-A1CE-FF6AA2D13FCB}.Debug|x86.ActiveCfg = Debug|Win32
		{C02EB07B-87F5-4E7B-A1CE-FF6AA2D13FCB}.Debug|x86.Build.0 = Debug|Win32
		{C02EB07B-87F5-4E7B-A1CE-FF6AA2D13FCB}.Release|x64.ActiveCfg = Release|x64
		{C02EB07B-87F5-4E7B-A1CE-FF6AA2D13FCB}.Release|x64.Build.0 = Release|x64
		{C02EB07B-87F5-4E7B-A1CE-FF6AA2D13FCB}.Release|x86.ActiveCfg = Release|Win32
		{C02EB07B-87F5-4E7B-A1CE-FF6AA2D13FCB}.Release|x86.Build.0 = Release|Win32
		{9B0F4D00-704A-4CAF-A6A5-342C97F35037}.Debug|x64.ActiveCfg = Debug|x64
		{9B0F4D00-704A-4CAF-A6A5-342C97F35037}.Debug|x64.Build.0 = Debug|x64
		{9B0F4D00-704A-4CAF-A6A5-342C97F35037}.Debug|x86.ActiveCfg = Debug|Win32
		{9B0F4D00-704A-4CAF-A6A5-342C97F35037}.Debug|x86.Build.0 = Debug|Win32
		{9B0F4D00-704A-4CAF-A6A5-342C97F35037}.Release|x64.ActiveCfg = Release|x64
		{9B0F4D00-704A-4CAF-A6A5-342C97F35037}.Release|x64.Build.0 = Release|x64
		{9B0F4D00-704A-4CAF-A6A5-342C97F35037}.Release|x86.ActiveCfg = Release|Win32
		{9B0F4D00-704A-4CAF-A6A5-342C97F35037}.Release|x86.Build.0 = Release|Win32
	EndGlobalSection
	GlobalSection(SolutionProperties) = preSolution
		HideSolutionNode = FALSE
	EndGlobalSection
	GlobalSection(NestedProjects) = preSolution
		{FAA265DC-912F-47EB-9502-5DB6F8C5C4BB} = {F0BF0F67-0D43-4BB0-85C7-DC0215C30726}
		{E0492ECC-4EAD-4F26-A30D-57F018CA5350} = {F0BF0F67-0D43-4BB0-85C7-DC0215C30726}
		{FCC13177-3D0F-4590-BA5E-BE1AC828E366} = {F0BF0F67-0D43-4BB0-85C7-DC0215C30726}
		{D7CDEE79-49E7-4028-900D-B8FB90BF31D6} = {F0BF0F67-0D43-4BB0-85C7-DC0215C30726}
		{7F637A08-18C3-4C6B-AF04-91CF3214B998} = {F0BF0F67-0D43-4BB0-85C7-DC0215C30726}
		{D675840E-2C8B-4F33-B96A-C24794F09066} = {F0BF0F67-0D43-4BB0-85C7-DC0215C30726}
		{5EDED776-A75B-4DD3-9B78-6084140880DC} = {F0BF0F67-0D43-4BB0-85C7-DC0215C30726}
		{96BF0E49-D0CA-488D-A9EB-843615238843} = {F0BF0F67-0D43-4BB0-85C7-DC0215C30726}
		{63E294A7-5D4F-453F-B9C2-A153B2D807C9} = {F0BF0F67-0D43-4BB0-85C7-DC0215C30726}
		{E443E545-4021-4773-A0C0-8DE357B4E98D} = {124F5DC0-2A6C-448B-97B3-BD1367CF5975}
		{16F48108-68C3-480A-AC6A-6DD539EB2D86} = {124F5DC0-2A6C-448B-97B3-BD1367CF5975}
		{5B6C8223-A3E5-4EA4-AF4B-D17A5775FFDF} = {82B5662F-2C67-452F-9451-6C0CF7958483}
		{09EAC729-F22B-49BA-A4EA-09046A73913A} = {82B5662F-2C67-452F-9451-6C0CF7958483}
		{7B49AA63-6009-4D69-9B5E-780BF4CD4B4D} = {82B5662F-2C67-452F-9451-6C0CF7958483}
		{EF545274-307E-453C-B4E0-DB6F11470D85} = {82B5662F-2C67-452F-9451-6C0CF7958483}
		{84341DF7-AD0A-4F85-9154-53BF851077DA} = {82B5662F-2C67-452F-9451-6C0CF7958483}
		{567A148E-3610-492A-A9E4-1636DB17CD2F} = {82B5662F-2C67-452F-9451-6C0CF7958483}
		{86DCA847-C85E-430A-86D9-53962C3E2E3B} = {82B5662F-2C67-452F-9451-6C0CF7958483}
		{9C9F3C7E-2F2D-49E8-AC30-A687336178C9} = {82B5662F-2C67-452F-9451-6C0CF7958483}
		{48B22CA2-0E8C-4B9F-8DC1-41B3C5768399} = {82B5662F-2C67-452F-9451-6C0CF7958483}
		{44478F9B-5E53-40AB-8979-647DC36AD82A} = {82B5662F-2C67-452F-9451-6C0CF7958483}
		{54F81A28-5805-4F51-90C4-8AA72CE07B0B} = {82B5662F-2C67-452F-9451-6C0CF7958483}
		{C8834C99-E8C6-48DF-9135-CE4E9130A7FC} = {F0BF0F67-0D43-4BB0-85C7-DC0215C30726}
		{AD46F619-AF44-4A5D-90CF-666145628F07} = {F0BF0F67-0D43-4BB0-85C7-DC0215C30726}
		{0F8CA5E6-5693-4722-92EE-780270DC59A5} = {F0BF0F67-0D43-4BB0-85C7-DC0215C30726}
		{6EE63883-CD64-45F8-970D-9A78ADBB8C4B} = {F0BF0F67-0D43-4BB0-85C7-DC0215C30726}
		{03C4411C-75EB-4C9D-8877-E9066C18E89F} = {82B5662F-2C67-452F-9451-6C0CF7958483}
		{122C3A80-B73B-4F75-ACD0-436E9625B776} = {82B5662F-2C67-452F-9451-6C0CF7958483}
		{E79BEC8C-DFE7-4E81-9A7E-D2DD32336657} = {82B5662F-2C67-452F-9451-6C0CF7958483}
		{C02EB07B-87F5-4E7B-A1CE-FF6AA2D13FCB} = {82B5662F-2C67-452F-9451-6C0CF7958483}
		{9B0F4D00-704A-4CAF-A6A5-342C97F35037} = {124F5DC0-2A6C-448B-97B3-BD1367CF5975}
	EndGlobalSection
	GlobalSection(ExtensibilityGlobals) = postSolution
		SolutionGuid = {3C475E40-FEC0-4ACD-BA97-A60FEF953DE2}
	EndGlobalSection
EndGlobal
