
Microsoft Visual Studio Solution File, Format Version 12.00
# Visual Studio Version 17
VisualStudioVersion = 17.5.33516.290
MinimumVisualStudioVersion = 10.0.40219.1
Project("{8BC9CEB8-8B4A-11D0-8D11-00A0C91BC942}") = "Razni zadaci s interneta", "Machina_zadatci\Machina_zadatci.vcxproj", "{3810D59B-EAB5-484A-93C0-8AAE79F87BAB}"
EndProject
Project("{8BC9CEB8-8B4A-11D0-8D11-00A0C91BC942}") = "KrizicKruzic", "KrizicKruzic\KrizicKruzic.vcxproj", "{60370262-72A5-4EFE-B9BE-F5297BC028BD}"
EndProject
Project("{8BC9CEB8-8B4A-11D0-8D11-00A0C91BC942}") = "Ispis svih ASCII znakova", "Ispis svih ASCII znakova\Ispis svih ASCII znakova.vcxproj", "{29BAFB61-6ADA-4499-9F81-4A1816E121A3}"
EndProject
Project("{8BC9CEB8-8B4A-11D0-8D11-00A0C91BC942}") = "FizzBuzz", "FizzBuzz\FizzBuzz.vcxproj", "{D6A90083-843C-42BF-B527-2BF19F6579B2}"
EndProject
Project("{8BC9CEB8-8B4A-11D0-8D11-00A0C91BC942}") = "Skoro pa pravi Šah", "Skoro pa pravi Šah\Skoro pa pravi Šah.vcxproj", "{27C3C7D0-8243-475D-878F-BC13646543A8}"
EndProject
Project("{8BC9CEB8-8B4A-11D0-8D11-00A0C91BC942}") = "Predavanje 3 - Nizovi i petlje", "Predavanje 3 - Nizovi i petlje\Predavanje 3 - Nizovi i petlje.vcxproj", "{8B76689A-420A-489B-AA8B-D9C42283DDAA}"
EndProject
Project("{8BC9CEB8-8B4A-11D0-8D11-00A0C91BC942}") = "Predavanje 2 - Operatori", "Predavanje 2 - Operatori\Predavanje 2 - Operatori.vcxproj", "{D2EF6963-94AF-48E8-894F-F8B247CA13A5}"
EndProject
Project("{8BC9CEB8-8B4A-11D0-8D11-00A0C91BC942}") = "Predavanje 1 - Varijable i tipovi podataka", "Predavanje 1 - Varijable i tipovi podataka\Predavanje 1 - Varijable i tipovi podataka.vcxproj", "{12688934-7E5B-4F7F-A05D-4938A2D93BF5}"
EndProject
Project("{8BC9CEB8-8B4A-11D0-8D11-00A0C91BC942}") = "Vježbanje - Petlje", "Vježbanje - Petlje\Vježbanje - Petlje.vcxproj", "{3FF5C96D-72CE-4CC0-9EE3-4A8555443DEE}"
EndProject
Project("{8BC9CEB8-8B4A-11D0-8D11-00A0C91BC942}") = "Predavanje 4 - Funkcije", "Predavanje 4 - Funkcije\Predavanje 4 - Funkcije.vcxproj", "{64DEA122-90F8-4F76-80D3-3F9031FB9D64}"
EndProject
Project("{8BC9CEB8-8B4A-11D0-8D11-00A0C91BC942}") = "Zbroj znamenki", "Zbroj znamenki\Zbroj znamenki.vcxproj", "{03BC6A1A-1402-4113-BCB5-06D578314BE9}"
EndProject
Project("{8BC9CEB8-8B4A-11D0-8D11-00A0C91BC942}") = "Prosjek niza", "Prosjek niza\Prosjek niza.vcxproj", "{90147497-7B3F-4BAD-A39A-6C0267A685B6}"
EndProject
Project("{8BC9CEB8-8B4A-11D0-8D11-00A0C91BC942}") = "Triple equality check", "Triple equality check\Triple equality check.vcxproj", "{FB359A95-D935-4CB9-99FA-CC1A0FD29456}"
EndProject
Project("{8BC9CEB8-8B4A-11D0-8D11-00A0C91BC942}") = "Repetitorij gramatike funkcija", "Repetitorij gramatike funkcija\Repetitorij gramatike funkcija.vcxproj", "{7D654701-F34F-43B5-889E-1D628E2AFD28}"
EndProject
Project("{8BC9CEB8-8B4A-11D0-8D11-00A0C91BC942}") = "Vježbanje - Petlje, 2. dio", "Vježbanje - Petlje, 2. dio\Vježbanje - Petlje, 2. dio.vcxproj", "{9F1A9981-35DB-443E-991C-E8FFFE90790B}"
EndProject
Project("{8BC9CEB8-8B4A-11D0-8D11-00A0C91BC942}") = "Predavanje 5 - Objekti i klase te setter-getter", "Predavanje 5 - Objekti i klase te setter-getter\Predavanje 5 - Objekti i klase te setter-getter.vcxproj", "{4AEC95CF-5BEE-4BFD-8E7A-213DCBB31B14}"
EndProject
Project("{8BC9CEB8-8B4A-11D0-8D11-00A0C91BC942}") = "Vježbanje - Funkcije, 1. dio", "Vježbanje - Funkcije, 1. dio\Vježbanje - Funkcije, 1. dio.vcxproj", "{165E2906-3BA4-4046-A01E-E80A006429E9}"
EndProject
Project("{8BC9CEB8-8B4A-11D0-8D11-00A0C91BC942}") = "Vježbanje - Nizovi, 1. dio", "Vježbanje - Nizovi, 1. dio\Vježbanje - Nizovi, 1. dio.vcxproj", "{31C8A115-C0FA-416A-B3A1-074961D87AB1}"
EndProject
Project("{8BC9CEB8-8B4A-11D0-8D11-00A0C91BC942}") = "Objašnjenje - nizovi", "Objašnjenje - nizovi\Objašnjenje - nizovi.vcxproj", "{F1FACFBE-40E9-421A-AC38-5510CB42DB56}"
EndProject
Project("{8BC9CEB8-8B4A-11D0-8D11-00A0C91BC942}") = "Objašnjenje - for petlje", "Objašnjenje - for petlje\Objašnjenje - for petlje.vcxproj", "{12E8F977-BEA6-4C62-AF40-0A5729ED1116}"
EndProject
Project("{8BC9CEB8-8B4A-11D0-8D11-00A0C91BC942}") = "Predavanje 6 - Vježbanje - Catalogue zadatak", "Predavanje 6 - Vježbanje - Catalogue zadatak\Predavanje 6 - Vježbanje - Catalogue zadatak.vcxproj", "{2AF07285-0BE7-4962-8DB2-A286904093B8}"
EndProject
Project("{8BC9CEB8-8B4A-11D0-8D11-00A0C91BC942}") = "Predavanje 6 - Vježbanje - Coin acceptor zadatak", "Predavanje 6 - Vježbanje - Coin acceptor zadatak\Predavanje 6 - Vježbanje - Coin acceptor zadatak.vcxproj", "{D142D362-AFA0-47A6-AA63-61EF6B1E10D7}"
EndProject
Project("{8BC9CEB8-8B4A-11D0-8D11-00A0C91BC942}") = "Kartaške igre - #1 - Karte", "Kartaške igre - #1 - Karte\Kartaške igre - #1 - Karte.vcxproj", "{0F0FD4A1-7A5E-465A-8E17-AB3008C34D21}"
EndProject
Project("{8BC9CEB8-8B4A-11D0-8D11-00A0C91BC942}") = "Kartaške igre - #2 - osnovni Poker engine", "Kartaške igre - #2 - osnovni Poker engine\Kartaške igre - #2 - osnovni Poker engine.vcxproj", "{5C7FF9E7-8952-4767-844D-37A2AE02BEE9}"
EndProject
Global
	GlobalSection(SolutionConfigurationPlatforms) = preSolution
		Debug|x64 = Debug|x64
		Debug|x86 = Debug|x86
		Release|x64 = Release|x64
		Release|x86 = Release|x86
	EndGlobalSection
	GlobalSection(ProjectConfigurationPlatforms) = postSolution
		{3810D59B-EAB5-484A-93C0-8AAE79F87BAB}.Debug|x64.ActiveCfg = Debug|x64
		{3810D59B-EAB5-484A-93C0-8AAE79F87BAB}.Debug|x64.Build.0 = Debug|x64
		{3810D59B-EAB5-484A-93C0-8AAE79F87BAB}.Debug|x86.ActiveCfg = Debug|Win32
		{3810D59B-EAB5-484A-93C0-8AAE79F87BAB}.Debug|x86.Build.0 = Debug|Win32
		{3810D59B-EAB5-484A-93C0-8AAE79F87BAB}.Release|x64.ActiveCfg = Release|x64
		{3810D59B-EAB5-484A-93C0-8AAE79F87BAB}.Release|x64.Build.0 = Release|x64
		{3810D59B-EAB5-484A-93C0-8AAE79F87BAB}.Release|x86.ActiveCfg = Release|Win32
		{3810D59B-EAB5-484A-93C0-8AAE79F87BAB}.Release|x86.Build.0 = Release|Win32
		{60370262-72A5-4EFE-B9BE-F5297BC028BD}.Debug|x64.ActiveCfg = Debug|x64
		{60370262-72A5-4EFE-B9BE-F5297BC028BD}.Debug|x64.Build.0 = Debug|x64
		{60370262-72A5-4EFE-B9BE-F5297BC028BD}.Debug|x86.ActiveCfg = Debug|Win32
		{60370262-72A5-4EFE-B9BE-F5297BC028BD}.Debug|x86.Build.0 = Debug|Win32
		{60370262-72A5-4EFE-B9BE-F5297BC028BD}.Release|x64.ActiveCfg = Release|x64
		{60370262-72A5-4EFE-B9BE-F5297BC028BD}.Release|x64.Build.0 = Release|x64
		{60370262-72A5-4EFE-B9BE-F5297BC028BD}.Release|x86.ActiveCfg = Release|Win32
		{60370262-72A5-4EFE-B9BE-F5297BC028BD}.Release|x86.Build.0 = Release|Win32
		{29BAFB61-6ADA-4499-9F81-4A1816E121A3}.Debug|x64.ActiveCfg = Debug|x64
		{29BAFB61-6ADA-4499-9F81-4A1816E121A3}.Debug|x64.Build.0 = Debug|x64
		{29BAFB61-6ADA-4499-9F81-4A1816E121A3}.Debug|x86.ActiveCfg = Debug|Win32
		{29BAFB61-6ADA-4499-9F81-4A1816E121A3}.Debug|x86.Build.0 = Debug|Win32
		{29BAFB61-6ADA-4499-9F81-4A1816E121A3}.Release|x64.ActiveCfg = Release|x64
		{29BAFB61-6ADA-4499-9F81-4A1816E121A3}.Release|x64.Build.0 = Release|x64
		{29BAFB61-6ADA-4499-9F81-4A1816E121A3}.Release|x86.ActiveCfg = Release|Win32
		{29BAFB61-6ADA-4499-9F81-4A1816E121A3}.Release|x86.Build.0 = Release|Win32
		{D6A90083-843C-42BF-B527-2BF19F6579B2}.Debug|x64.ActiveCfg = Debug|x64
		{D6A90083-843C-42BF-B527-2BF19F6579B2}.Debug|x64.Build.0 = Debug|x64
		{D6A90083-843C-42BF-B527-2BF19F6579B2}.Debug|x86.ActiveCfg = Debug|Win32
		{D6A90083-843C-42BF-B527-2BF19F6579B2}.Debug|x86.Build.0 = Debug|Win32
		{D6A90083-843C-42BF-B527-2BF19F6579B2}.Release|x64.ActiveCfg = Release|x64
		{D6A90083-843C-42BF-B527-2BF19F6579B2}.Release|x64.Build.0 = Release|x64
		{D6A90083-843C-42BF-B527-2BF19F6579B2}.Release|x86.ActiveCfg = Release|Win32
		{D6A90083-843C-42BF-B527-2BF19F6579B2}.Release|x86.Build.0 = Release|Win32
		{27C3C7D0-8243-475D-878F-BC13646543A8}.Debug|x64.ActiveCfg = Debug|x64
		{27C3C7D0-8243-475D-878F-BC13646543A8}.Debug|x64.Build.0 = Debug|x64
		{27C3C7D0-8243-475D-878F-BC13646543A8}.Debug|x86.ActiveCfg = Debug|Win32
		{27C3C7D0-8243-475D-878F-BC13646543A8}.Debug|x86.Build.0 = Debug|Win32
		{27C3C7D0-8243-475D-878F-BC13646543A8}.Release|x64.ActiveCfg = Release|x64
		{27C3C7D0-8243-475D-878F-BC13646543A8}.Release|x64.Build.0 = Release|x64
		{27C3C7D0-8243-475D-878F-BC13646543A8}.Release|x86.ActiveCfg = Release|Win32
		{27C3C7D0-8243-475D-878F-BC13646543A8}.Release|x86.Build.0 = Release|Win32
		{8B76689A-420A-489B-AA8B-D9C42283DDAA}.Debug|x64.ActiveCfg = Debug|x64
		{8B76689A-420A-489B-AA8B-D9C42283DDAA}.Debug|x64.Build.0 = Debug|x64
		{8B76689A-420A-489B-AA8B-D9C42283DDAA}.Debug|x86.ActiveCfg = Debug|Win32
		{8B76689A-420A-489B-AA8B-D9C42283DDAA}.Debug|x86.Build.0 = Debug|Win32
		{8B76689A-420A-489B-AA8B-D9C42283DDAA}.Release|x64.ActiveCfg = Release|x64
		{8B76689A-420A-489B-AA8B-D9C42283DDAA}.Release|x64.Build.0 = Release|x64
		{8B76689A-420A-489B-AA8B-D9C42283DDAA}.Release|x86.ActiveCfg = Release|Win32
		{8B76689A-420A-489B-AA8B-D9C42283DDAA}.Release|x86.Build.0 = Release|Win32
		{D2EF6963-94AF-48E8-894F-F8B247CA13A5}.Debug|x64.ActiveCfg = Debug|x64
		{D2EF6963-94AF-48E8-894F-F8B247CA13A5}.Debug|x64.Build.0 = Debug|x64
		{D2EF6963-94AF-48E8-894F-F8B247CA13A5}.Debug|x86.ActiveCfg = Debug|Win32
		{D2EF6963-94AF-48E8-894F-F8B247CA13A5}.Debug|x86.Build.0 = Debug|Win32
		{D2EF6963-94AF-48E8-894F-F8B247CA13A5}.Release|x64.ActiveCfg = Release|x64
		{D2EF6963-94AF-48E8-894F-F8B247CA13A5}.Release|x64.Build.0 = Release|x64
		{D2EF6963-94AF-48E8-894F-F8B247CA13A5}.Release|x86.ActiveCfg = Release|Win32
		{D2EF6963-94AF-48E8-894F-F8B247CA13A5}.Release|x86.Build.0 = Release|Win32
		{12688934-7E5B-4F7F-A05D-4938A2D93BF5}.Debug|x64.ActiveCfg = Debug|x64
		{12688934-7E5B-4F7F-A05D-4938A2D93BF5}.Debug|x64.Build.0 = Debug|x64
		{12688934-7E5B-4F7F-A05D-4938A2D93BF5}.Debug|x86.ActiveCfg = Debug|Win32
		{12688934-7E5B-4F7F-A05D-4938A2D93BF5}.Debug|x86.Build.0 = Debug|Win32
		{12688934-7E5B-4F7F-A05D-4938A2D93BF5}.Release|x64.ActiveCfg = Release|x64
		{12688934-7E5B-4F7F-A05D-4938A2D93BF5}.Release|x64.Build.0 = Release|x64
		{12688934-7E5B-4F7F-A05D-4938A2D93BF5}.Release|x86.ActiveCfg = Release|Win32
		{12688934-7E5B-4F7F-A05D-4938A2D93BF5}.Release|x86.Build.0 = Release|Win32
		{3FF5C96D-72CE-4CC0-9EE3-4A8555443DEE}.Debug|x64.ActiveCfg = Debug|x64
		{3FF5C96D-72CE-4CC0-9EE3-4A8555443DEE}.Debug|x64.Build.0 = Debug|x64
		{3FF5C96D-72CE-4CC0-9EE3-4A8555443DEE}.Debug|x86.ActiveCfg = Debug|Win32
		{3FF5C96D-72CE-4CC0-9EE3-4A8555443DEE}.Debug|x86.Build.0 = Debug|Win32
		{3FF5C96D-72CE-4CC0-9EE3-4A8555443DEE}.Release|x64.ActiveCfg = Release|x64
		{3FF5C96D-72CE-4CC0-9EE3-4A8555443DEE}.Release|x64.Build.0 = Release|x64
		{3FF5C96D-72CE-4CC0-9EE3-4A8555443DEE}.Release|x86.ActiveCfg = Release|Win32
		{3FF5C96D-72CE-4CC0-9EE3-4A8555443DEE}.Release|x86.Build.0 = Release|Win32
		{64DEA122-90F8-4F76-80D3-3F9031FB9D64}.Debug|x64.ActiveCfg = Debug|x64
		{64DEA122-90F8-4F76-80D3-3F9031FB9D64}.Debug|x64.Build.0 = Debug|x64
		{64DEA122-90F8-4F76-80D3-3F9031FB9D64}.Debug|x86.ActiveCfg = Debug|Win32
		{64DEA122-90F8-4F76-80D3-3F9031FB9D64}.Debug|x86.Build.0 = Debug|Win32
		{64DEA122-90F8-4F76-80D3-3F9031FB9D64}.Release|x64.ActiveCfg = Release|x64
		{64DEA122-90F8-4F76-80D3-3F9031FB9D64}.Release|x64.Build.0 = Release|x64
		{64DEA122-90F8-4F76-80D3-3F9031FB9D64}.Release|x86.ActiveCfg = Release|Win32
		{64DEA122-90F8-4F76-80D3-3F9031FB9D64}.Release|x86.Build.0 = Release|Win32
		{03BC6A1A-1402-4113-BCB5-06D578314BE9}.Debug|x64.ActiveCfg = Debug|x64
		{03BC6A1A-1402-4113-BCB5-06D578314BE9}.Debug|x64.Build.0 = Debug|x64
		{03BC6A1A-1402-4113-BCB5-06D578314BE9}.Debug|x86.ActiveCfg = Debug|Win32
		{03BC6A1A-1402-4113-BCB5-06D578314BE9}.Debug|x86.Build.0 = Debug|Win32
		{03BC6A1A-1402-4113-BCB5-06D578314BE9}.Release|x64.ActiveCfg = Release|x64
		{03BC6A1A-1402-4113-BCB5-06D578314BE9}.Release|x64.Build.0 = Release|x64
		{03BC6A1A-1402-4113-BCB5-06D578314BE9}.Release|x86.ActiveCfg = Release|Win32
		{03BC6A1A-1402-4113-BCB5-06D578314BE9}.Release|x86.Build.0 = Release|Win32
		{90147497-7B3F-4BAD-A39A-6C0267A685B6}.Debug|x64.ActiveCfg = Debug|x64
		{90147497-7B3F-4BAD-A39A-6C0267A685B6}.Debug|x64.Build.0 = Debug|x64
		{90147497-7B3F-4BAD-A39A-6C0267A685B6}.Debug|x86.ActiveCfg = Debug|Win32
		{90147497-7B3F-4BAD-A39A-6C0267A685B6}.Debug|x86.Build.0 = Debug|Win32
		{90147497-7B3F-4BAD-A39A-6C0267A685B6}.Release|x64.ActiveCfg = Release|x64
		{90147497-7B3F-4BAD-A39A-6C0267A685B6}.Release|x64.Build.0 = Release|x64
		{90147497-7B3F-4BAD-A39A-6C0267A685B6}.Release|x86.ActiveCfg = Release|Win32
		{90147497-7B3F-4BAD-A39A-6C0267A685B6}.Release|x86.Build.0 = Release|Win32
		{FB359A95-D935-4CB9-99FA-CC1A0FD29456}.Debug|x64.ActiveCfg = Debug|x64
		{FB359A95-D935-4CB9-99FA-CC1A0FD29456}.Debug|x64.Build.0 = Debug|x64
		{FB359A95-D935-4CB9-99FA-CC1A0FD29456}.Debug|x86.ActiveCfg = Debug|Win32
		{FB359A95-D935-4CB9-99FA-CC1A0FD29456}.Debug|x86.Build.0 = Debug|Win32
		{FB359A95-D935-4CB9-99FA-CC1A0FD29456}.Release|x64.ActiveCfg = Release|x64
		{FB359A95-D935-4CB9-99FA-CC1A0FD29456}.Release|x64.Build.0 = Release|x64
		{FB359A95-D935-4CB9-99FA-CC1A0FD29456}.Release|x86.ActiveCfg = Release|Win32
		{FB359A95-D935-4CB9-99FA-CC1A0FD29456}.Release|x86.Build.0 = Release|Win32
		{7D654701-F34F-43B5-889E-1D628E2AFD28}.Debug|x64.ActiveCfg = Debug|x64
		{7D654701-F34F-43B5-889E-1D628E2AFD28}.Debug|x64.Build.0 = Debug|x64
		{7D654701-F34F-43B5-889E-1D628E2AFD28}.Debug|x86.ActiveCfg = Debug|Win32
		{7D654701-F34F-43B5-889E-1D628E2AFD28}.Debug|x86.Build.0 = Debug|Win32
		{7D654701-F34F-43B5-889E-1D628E2AFD28}.Release|x64.ActiveCfg = Release|x64
		{7D654701-F34F-43B5-889E-1D628E2AFD28}.Release|x64.Build.0 = Release|x64
		{7D654701-F34F-43B5-889E-1D628E2AFD28}.Release|x86.ActiveCfg = Release|Win32
		{7D654701-F34F-43B5-889E-1D628E2AFD28}.Release|x86.Build.0 = Release|Win32
		{9F1A9981-35DB-443E-991C-E8FFFE90790B}.Debug|x64.ActiveCfg = Debug|x64
		{9F1A9981-35DB-443E-991C-E8FFFE90790B}.Debug|x64.Build.0 = Debug|x64
		{9F1A9981-35DB-443E-991C-E8FFFE90790B}.Debug|x86.ActiveCfg = Debug|Win32
		{9F1A9981-35DB-443E-991C-E8FFFE90790B}.Debug|x86.Build.0 = Debug|Win32
		{9F1A9981-35DB-443E-991C-E8FFFE90790B}.Release|x64.ActiveCfg = Release|x64
		{9F1A9981-35DB-443E-991C-E8FFFE90790B}.Release|x64.Build.0 = Release|x64
		{9F1A9981-35DB-443E-991C-E8FFFE90790B}.Release|x86.ActiveCfg = Release|Win32
		{9F1A9981-35DB-443E-991C-E8FFFE90790B}.Release|x86.Build.0 = Release|Win32
		{4AEC95CF-5BEE-4BFD-8E7A-213DCBB31B14}.Debug|x64.ActiveCfg = Debug|x64
		{4AEC95CF-5BEE-4BFD-8E7A-213DCBB31B14}.Debug|x64.Build.0 = Debug|x64
		{4AEC95CF-5BEE-4BFD-8E7A-213DCBB31B14}.Debug|x86.ActiveCfg = Debug|Win32
		{4AEC95CF-5BEE-4BFD-8E7A-213DCBB31B14}.Debug|x86.Build.0 = Debug|Win32
		{4AEC95CF-5BEE-4BFD-8E7A-213DCBB31B14}.Release|x64.ActiveCfg = Release|x64
		{4AEC95CF-5BEE-4BFD-8E7A-213DCBB31B14}.Release|x64.Build.0 = Release|x64
		{4AEC95CF-5BEE-4BFD-8E7A-213DCBB31B14}.Release|x86.ActiveCfg = Release|Win32
		{4AEC95CF-5BEE-4BFD-8E7A-213DCBB31B14}.Release|x86.Build.0 = Release|Win32
		{165E2906-3BA4-4046-A01E-E80A006429E9}.Debug|x64.ActiveCfg = Debug|x64
		{165E2906-3BA4-4046-A01E-E80A006429E9}.Debug|x64.Build.0 = Debug|x64
		{165E2906-3BA4-4046-A01E-E80A006429E9}.Debug|x86.ActiveCfg = Debug|Win32
		{165E2906-3BA4-4046-A01E-E80A006429E9}.Debug|x86.Build.0 = Debug|Win32
		{165E2906-3BA4-4046-A01E-E80A006429E9}.Release|x64.ActiveCfg = Release|x64
		{165E2906-3BA4-4046-A01E-E80A006429E9}.Release|x64.Build.0 = Release|x64
		{165E2906-3BA4-4046-A01E-E80A006429E9}.Release|x86.ActiveCfg = Release|Win32
		{165E2906-3BA4-4046-A01E-E80A006429E9}.Release|x86.Build.0 = Release|Win32
		{31C8A115-C0FA-416A-B3A1-074961D87AB1}.Debug|x64.ActiveCfg = Debug|x64
		{31C8A115-C0FA-416A-B3A1-074961D87AB1}.Debug|x64.Build.0 = Debug|x64
		{31C8A115-C0FA-416A-B3A1-074961D87AB1}.Debug|x86.ActiveCfg = Debug|Win32
		{31C8A115-C0FA-416A-B3A1-074961D87AB1}.Debug|x86.Build.0 = Debug|Win32
		{31C8A115-C0FA-416A-B3A1-074961D87AB1}.Release|x64.ActiveCfg = Release|x64
		{31C8A115-C0FA-416A-B3A1-074961D87AB1}.Release|x64.Build.0 = Release|x64
		{31C8A115-C0FA-416A-B3A1-074961D87AB1}.Release|x86.ActiveCfg = Release|Win32
		{31C8A115-C0FA-416A-B3A1-074961D87AB1}.Release|x86.Build.0 = Release|Win32
		{F1FACFBE-40E9-421A-AC38-5510CB42DB56}.Debug|x64.ActiveCfg = Debug|x64
		{F1FACFBE-40E9-421A-AC38-5510CB42DB56}.Debug|x64.Build.0 = Debug|x64
		{F1FACFBE-40E9-421A-AC38-5510CB42DB56}.Debug|x86.ActiveCfg = Debug|Win32
		{F1FACFBE-40E9-421A-AC38-5510CB42DB56}.Debug|x86.Build.0 = Debug|Win32
		{F1FACFBE-40E9-421A-AC38-5510CB42DB56}.Release|x64.ActiveCfg = Release|x64
		{F1FACFBE-40E9-421A-AC38-5510CB42DB56}.Release|x64.Build.0 = Release|x64
		{F1FACFBE-40E9-421A-AC38-5510CB42DB56}.Release|x86.ActiveCfg = Release|Win32
		{F1FACFBE-40E9-421A-AC38-5510CB42DB56}.Release|x86.Build.0 = Release|Win32
		{12E8F977-BEA6-4C62-AF40-0A5729ED1116}.Debug|x64.ActiveCfg = Debug|x64
		{12E8F977-BEA6-4C62-AF40-0A5729ED1116}.Debug|x64.Build.0 = Debug|x64
		{12E8F977-BEA6-4C62-AF40-0A5729ED1116}.Debug|x86.ActiveCfg = Debug|Win32
		{12E8F977-BEA6-4C62-AF40-0A5729ED1116}.Debug|x86.Build.0 = Debug|Win32
		{12E8F977-BEA6-4C62-AF40-0A5729ED1116}.Release|x64.ActiveCfg = Release|x64
		{12E8F977-BEA6-4C62-AF40-0A5729ED1116}.Release|x64.Build.0 = Release|x64
		{12E8F977-BEA6-4C62-AF40-0A5729ED1116}.Release|x86.ActiveCfg = Release|Win32
		{12E8F977-BEA6-4C62-AF40-0A5729ED1116}.Release|x86.Build.0 = Release|Win32
		{2AF07285-0BE7-4962-8DB2-A286904093B8}.Debug|x64.ActiveCfg = Debug|x64
		{2AF07285-0BE7-4962-8DB2-A286904093B8}.Debug|x64.Build.0 = Debug|x64
		{2AF07285-0BE7-4962-8DB2-A286904093B8}.Debug|x86.ActiveCfg = Debug|Win32
		{2AF07285-0BE7-4962-8DB2-A286904093B8}.Debug|x86.Build.0 = Debug|Win32
		{2AF07285-0BE7-4962-8DB2-A286904093B8}.Release|x64.ActiveCfg = Release|x64
		{2AF07285-0BE7-4962-8DB2-A286904093B8}.Release|x64.Build.0 = Release|x64
		{2AF07285-0BE7-4962-8DB2-A286904093B8}.Release|x86.ActiveCfg = Release|Win32
		{2AF07285-0BE7-4962-8DB2-A286904093B8}.Release|x86.Build.0 = Release|Win32
		{D142D362-AFA0-47A6-AA63-61EF6B1E10D7}.Debug|x64.ActiveCfg = Debug|x64
		{D142D362-AFA0-47A6-AA63-61EF6B1E10D7}.Debug|x64.Build.0 = Debug|x64
		{D142D362-AFA0-47A6-AA63-61EF6B1E10D7}.Debug|x86.ActiveCfg = Debug|Win32
		{D142D362-AFA0-47A6-AA63-61EF6B1E10D7}.Debug|x86.Build.0 = Debug|Win32
		{D142D362-AFA0-47A6-AA63-61EF6B1E10D7}.Release|x64.ActiveCfg = Release|x64
		{D142D362-AFA0-47A6-AA63-61EF6B1E10D7}.Release|x64.Build.0 = Release|x64
		{D142D362-AFA0-47A6-AA63-61EF6B1E10D7}.Release|x86.ActiveCfg = Release|Win32
		{D142D362-AFA0-47A6-AA63-61EF6B1E10D7}.Release|x86.Build.0 = Release|Win32
		{0F0FD4A1-7A5E-465A-8E17-AB3008C34D21}.Debug|x64.ActiveCfg = Debug|x64
		{0F0FD4A1-7A5E-465A-8E17-AB3008C34D21}.Debug|x64.Build.0 = Debug|x64
		{0F0FD4A1-7A5E-465A-8E17-AB3008C34D21}.Debug|x86.ActiveCfg = Debug|Win32
		{0F0FD4A1-7A5E-465A-8E17-AB3008C34D21}.Debug|x86.Build.0 = Debug|Win32
		{0F0FD4A1-7A5E-465A-8E17-AB3008C34D21}.Release|x64.ActiveCfg = Release|x64
		{0F0FD4A1-7A5E-465A-8E17-AB3008C34D21}.Release|x64.Build.0 = Release|x64
		{0F0FD4A1-7A5E-465A-8E17-AB3008C34D21}.Release|x86.ActiveCfg = Release|Win32
		{0F0FD4A1-7A5E-465A-8E17-AB3008C34D21}.Release|x86.Build.0 = Release|Win32
		{5C7FF9E7-8952-4767-844D-37A2AE02BEE9}.Debug|x64.ActiveCfg = Debug|x64
		{5C7FF9E7-8952-4767-844D-37A2AE02BEE9}.Debug|x64.Build.0 = Debug|x64
		{5C7FF9E7-8952-4767-844D-37A2AE02BEE9}.Debug|x86.ActiveCfg = Debug|Win32
		{5C7FF9E7-8952-4767-844D-37A2AE02BEE9}.Debug|x86.Build.0 = Debug|Win32
		{5C7FF9E7-8952-4767-844D-37A2AE02BEE9}.Release|x64.ActiveCfg = Release|x64
		{5C7FF9E7-8952-4767-844D-37A2AE02BEE9}.Release|x64.Build.0 = Release|x64
		{5C7FF9E7-8952-4767-844D-37A2AE02BEE9}.Release|x86.ActiveCfg = Release|Win32
		{5C7FF9E7-8952-4767-844D-37A2AE02BEE9}.Release|x86.Build.0 = Release|Win32
	EndGlobalSection
	GlobalSection(SolutionProperties) = preSolution
		HideSolutionNode = FALSE
	EndGlobalSection
	GlobalSection(ExtensibilityGlobals) = postSolution
		SolutionGuid = {3C475E40-FEC0-4ACD-BA97-A60FEF953DE2}
	EndGlobalSection
EndGlobal
